
Microsoft Visual Studio Solution File, Format Version 12.00
# Visual Studio Version 17
VisualStudioVersion = 17.10.35013.160
MinimumVisualStudioVersion = 10.0.40219.1
Project("{FAE04EC0-301F-11D3-BF4B-00C04F79EFBC}") = "WhiteLagoon.Web", "WhiteLagoon.Web\WhiteLagoon.Web.csproj", "{62E45BBB-D561-4E17-96D8-E72699C88B20}"
EndProject
Global
	GlobalSection(SolutionConfigurationPlatforms) = preSolution
		Debug|Any CPU = Debug|Any CPU
		Release|Any CPU = Release|Any CPU
	EndGlobalSection
	GlobalSection(ProjectConfigurationPlatforms) = postSolution
		{62E45BBB-D561-4E17-96D8-E72699C88B20}.Debug|Any CPU.ActiveCfg = Debug|Any CPU
		{62E45BBB-D561-4E17-96D8-E72699C88B20}.Debug|Any CPU.Build.0 = Debug|Any CPU
		{62E45BBB-D561-4E17-96D8-E72699C88B20}.Release|Any CPU.ActiveCfg = Release|Any CPU
		{62E45BBB-D561-4E17-96D8-E72699C88B20}.Release|Any CPU.Build.0 = Release|Any CPU
	EndGlobalSection
	GlobalSection(SolutionProperties) = preSolution
		HideSolutionNode = FALSE
	EndGlobalSection
	GlobalSection(ExtensibilityGlobals) = postSolution
		SolutionGuid = {B1C9B643-E31F-48E3-8FA0-30CA4AA37E1A}
	EndGlobalSection
EndGlobal
